<?xml version="1.0" encoding="utf-8"?>
<Project ToolsVersion="4.0" xmlns="http://schemas.microsoft.com/developer/msbuild/2003">
  <ItemGroup>
    <Filter Include="Source Files">
      <UniqueIdentifier>{4FC737F1-C7A5-4376-A066-2A32D752A2FF}</UniqueIdentifier>
      <Extensions>cpp;c;cc;cxx;c++;cppm;ixx;def;odl;idl;hpj;bat;asm;asmx</Extensions>
    </Filter>
    <Filter Include="Header Files">
      <UniqueIdentifier>{93995380-89BD-4b04-88EB-625FBE52EBFB}</UniqueIdentifier>
      <Extensions>h;hh;hpp;hxx;h++;hm;inl;inc;ipp;xsd</Extensions>
    </Filter>
    <Filter Include="Resource Files">
      <UniqueIdentifier>{67DA6AB6-F800-4c08-8B7A-83BB121AAD01}</UniqueIdentifier>
      <Extensions>rc;ico;cur;bmp;dlg;rc2;rct;bin;rgs;gif;jpg;jpeg;jpe;resx;tiff;tif;png;wav;mfcribbon-ms</Extensions>
    </Filter>
  </ItemGroup>
  <ItemGroup>
    <ClInclude Include="SourceFiles\BezCurv.h">
      <Filter>Header Files</Filter>
    </ClInclude>
    <ClInclude Include="SourceFiles\BezSurf.h">
      <Filter>Header Files</Filter>
    </ClInclude>
    <ClInclude Include="SourceFiles\BspCurv.h">
      <Filter>Header Files</Filter>
    </ClInclude>
    <ClInclude Include="SourceFiles\BspSurf.h">
      <Filter>Header Files</Filter>
    </ClInclude>
    <ClInclude Include="SourceFiles\CompBezCurv.h">
      <Filter>Header Files</Filter>
    </ClInclude>
    <ClInclude Include="SourceFiles\CompBezSurf.h">
      <Filter>Header Files</Filter>
    </ClInclude>
    <ClInclude Include="SourceFiles\CompPolyCurv.h">
      <Filter>Header Files</Filter>
    </ClInclude>
    <ClInclude Include="SourceFiles\CompPolySurf.h">
      <Filter>Header Files</Filter>
    </ClInclude>
    <ClInclude Include="SourceFiles\CPoints.h">
      <Filter>Header Files</Filter>
    </ClInclude>
    <ClInclude Include="SourceFiles\curves.h">
      <Filter>Header Files</Filter>
    </ClInclude>
    <ClInclude Include="SourceFiles\FMatrix.h">
      <Filter>Header Files</Filter>
    </ClInclude>
    <ClInclude Include="SourceFiles\KnotSet.h">
      <Filter>Header Files</Filter>
    </ClInclude>
    <ClInclude Include="SourceFiles\MathFunctions.h">
      <Filter>Header Files</Filter>
    </ClInclude>
    <ClInclude Include="SourceFiles\Matrix.h">
      <Filter>Header Files</Filter>
    </ClInclude>
    <ClInclude Include="SourceFiles\object.h">
      <Filter>Header Files</Filter>
    </ClInclude>
    <ClInclude Include="SourceFiles\PBspCurv.h">
      <Filter>Header Files</Filter>
    </ClInclude>
    <ClInclude Include="SourceFiles\PBspSurf.h">
      <Filter>Header Files</Filter>
    </ClInclude>
    <ClInclude Include="SourceFiles\point.h">
      <Filter>Header Files</Filter>
    </ClInclude>
    <ClInclude Include="SourceFiles\PolyCurv.h">
      <Filter>Header Files</Filter>
    </ClInclude>
    <ClInclude Include="SourceFiles\PolySurf.h">
      <Filter>Header Files</Filter>
    </ClInclude>
    <ClInclude Include="SourceFiles\PRBspSurf.h">
      <Filter>Header Files</Filter>
    </ClInclude>
    <ClInclude Include="SourceFiles\Ptr.h">
      <Filter>Header Files</Filter>
    </ClInclude>
    <ClInclude Include="SourceFiles\RBspCurv.h">
      <Filter>Header Files</Filter>
    </ClInclude>
    <ClInclude Include="SourceFiles\RBspSurf.h">
      <Filter>Header Files</Filter>
    </ClInclude>
    <ClInclude Include="SourceFiles\surfaces.h">
      <Filter>Header Files</Filter>
    </ClInclude>
    <ClInclude Include="SourceFiles\Vector.h">
      <Filter>Header Files</Filter>
    </ClInclude>
    <ClInclude Include="SourceFiles\BspMembraneSurf.h">
      <Filter>Header Files</Filter>
    </ClInclude>
  </ItemGroup>
  <ItemGroup>
    <ClCompile Include="SourceFiles\BezCurvBasisFunc.cpp">
      <Filter>Source Files</Filter>
    </ClCompile>
    <ClCompile Include="SourceFiles\BezSurfBasisFunc.cpp">
      <Filter>Source Files</Filter>
    </ClCompile>
    <ClCompile Include="SourceFiles\BspCurvBasisFunc.cpp">
      <Filter>Source Files</Filter>
    </ClCompile>
    <ClCompile Include="SourceFiles\BspSurfBasisFunc.cpp">
      <Filter>Source Files</Filter>
    </ClCompile>
    <ClCompile Include="SourceFiles\curves.cpp">
      <Filter>Source Files</Filter>
    </ClCompile>
    <ClCompile Include="SourceFiles\KnotSet.cpp">
      <Filter>Source Files</Filter>
    </ClCompile>
    <ClCompile Include="SourceFiles\Main.cpp">
      <Filter>Source Files</Filter>
    </ClCompile>
    <ClCompile Include="SourceFiles\matrix.cpp">
      <Filter>Source Files</Filter>
    </ClCompile>
    <ClCompile Include="SourceFiles\Object.cpp">
      <Filter>Source Files</Filter>
    </ClCompile>
    <ClCompile Include="SourceFiles\PBspCurv.cpp">
      <Filter>Source Files</Filter>
    </ClCompile>
    <ClCompile Include="SourceFiles\PBspSurf.cpp">
      <Filter>Source Files</Filter>
    </ClCompile>
    <ClCompile Include="SourceFiles\point.cpp">
      <Filter>Source Files</Filter>
    </ClCompile>
    <ClCompile Include="SourceFiles\PolyCurvBasisFunc.cpp">
      <Filter>Source Files</Filter>
    </ClCompile>
    <ClCompile Include="SourceFiles\PolySurfBasisFunc.cpp">
      <Filter>Source Files</Filter>
    </ClCompile>
    <ClCompile Include="SourceFiles\PRBspSurf.cpp">
      <Filter>Source Files</Filter>
    </ClCompile>
    <ClCompile Include="SourceFiles\RBspCurvBasisFunc.cpp">
      <Filter>Source Files</Filter>
    </ClCompile>
    <ClCompile Include="SourceFiles\RBspSurfBasisFunc.cpp">
      <Filter>Source Files</Filter>
    </ClCompile>
    <ClCompile Include="SourceFiles\surfaces.cpp">
      <Filter>Source Files</Filter>
    </ClCompile>
    <ClCompile Include="SourceFiles\BspMembraneSurf.cpp">
      <Filter>Source Files</Filter>
    </ClCompile>
  </ItemGroup>
</Project>